
Microsoft Visual Studio Solution File, Format Version 12.00
# Visual Studio Version 17
VisualStudioVersion = 17.14.35806.103 d17.14
MinimumVisualStudioVersion = 10.0.40219.1
Project("{8BC9CEB8-8B4A-11D0-8D11-00A0C91BC942}") = "Snake", "Snake\Snake.vcxproj", "{3549957C-3417-45A2-A722-29288D8B2461}"
EndProject
Global
	GlobalSection(SolutionConfigurationPlatforms) = preSolution
		Debug|x64 = Debug|x64
		Debug|x86 = Debug|x86
		Release|x64 = Release|x64
		Release|x86 = Release|x86
	EndGlobalSection
	GlobalSection(ProjectConfigurationPlatforms) = postSolution
		{3549957C-3417-45A2-A722-29288D8B2461}.Debug|x64.ActiveCfg = Debug|x64
		{3549957C-3417-45A2-A722-29288D8B2461}.Debug|x64.Build.0 = Debug|x64
		{3549957C-3417-45A2-A722-29288D8B2461}.Debug|x86.ActiveCfg = Debug|Win32
		{3549957C-3417-45A2-A722-29288D8B2461}.Debug|x86.Build.0 = Debug|Win32
		{3549957C-3417-45A2-A722-29288D8B2461}.Release|x64.ActiveCfg = Release|x64
		{3549957C-3417-45A2-A722-29288D8B2461}.Release|x64.Build.0 = Release|x64
		{3549957C-3417-45A2-A722-29288D8B2461}.Release|x86.ActiveCfg = Release|Win32
		{3549957C-3417-45A2-A722-29288D8B2461}.Release|x86.Build.0 = Release|Win32
	EndGlobalSection
	GlobalSection(SolutionProperties) = preSolution
		HideSolutionNode = FALSE
	EndGlobalSection
	GlobalSection(ExtensibilityGlobals) = postSolution
		SolutionGuid = {911F4E37-FF03-4D77-B373-A7E21349B4AB}
	EndGlobalSection
EndGlobal
